
Microsoft Visual Studio Solution File, Format Version 12.00
# Visual Studio Version 16
VisualStudioVersion = 16.0.31911.196
MinimumVisualStudioVersion = 10.0.40219.1
Project("{FAE04EC0-301F-11D3-BF4B-00C04F79EFBC}") = "Задание Wpf10", "Задание Wpf10\Задание Wpf10.csproj", "{B9DFE09C-0B3F-4410-A303-DD351BED3A83}"
EndProject
Global
	GlobalSection(SolutionConfigurationPlatforms) = preSolution
		Debug|Any CPU = Debug|Any CPU
		Release|Any CPU = Release|Any CPU
	EndGlobalSection
	GlobalSection(ProjectConfigurationPlatforms) = postSolution
		{B9DFE09C-0B3F-4410-A303-DD351BED3A83}.Debug|Any CPU.ActiveCfg = Debug|Any CPU
		{B9DFE09C-0B3F-4410-A303-DD351BED3A83}.Debug|Any CPU.Build.0 = Debug|Any CPU
		{B9DFE09C-0B3F-4410-A303-DD351BED3A83}.Release|Any CPU.ActiveCfg = Release|Any CPU
		{B9DFE09C-0B3F-4410-A303-DD351BED3A83}.Release|Any CPU.Build.0 = Release|Any CPU
	EndGlobalSection
	GlobalSection(SolutionProperties) = preSolution
		HideSolutionNode = FALSE
	EndGlobalSection
	GlobalSection(ExtensibilityGlobals) = postSolution
		SolutionGuid = {66A12C5A-6C9B-4874-A017-958E4E3E49EB}
	EndGlobalSection
EndGlobal
